
Microsoft Visual Studio Solution File, Format Version 12.00
# Visual Studio Version 17
VisualStudioVersion = 17.3.32929.385
MinimumVisualStudioVersion = 10.0.40219.1
Project("{FAE04EC0-301F-11D3-BF4B-00C04F79EFBC}") = "WindowsEmpleados", "WindowsEmpleados\WindowsEmpleados.csproj", "{C2374C79-994F-4D7C-BCF9-3476BCFCD802}"
EndProject
Project("{FAE04EC0-301F-11D3-BF4B-00C04F79EFBC}") = "LibreriaEmpleados", "LibreriaEmpleados\LibreriaEmpleados.csproj", "{26BEF546-0CEC-4105-93D2-816402EF41A7}"
EndProject
Global
	GlobalSection(SolutionConfigurationPlatforms) = preSolution
		Debug|Any CPU = Debug|Any CPU
		Release|Any CPU = Release|Any CPU
	EndGlobalSection
	GlobalSection(ProjectConfigurationPlatforms) = postSolution
		{C2374C79-994F-4D7C-BCF9-3476BCFCD802}.Debug|Any CPU.ActiveCfg = Debug|Any CPU
		{C2374C79-994F-4D7C-BCF9-3476BCFCD802}.Debug|Any CPU.Build.0 = Debug|Any CPU
		{C2374C79-994F-4D7C-BCF9-3476BCFCD802}.Release|Any CPU.ActiveCfg = Release|Any CPU
		{C2374C79-994F-4D7C-BCF9-3476BCFCD802}.Release|Any CPU.Build.0 = Release|Any CPU
		{26BEF546-0CEC-4105-93D2-816402EF41A7}.Debug|Any CPU.ActiveCfg = Debug|Any CPU
		{26BEF546-0CEC-4105-93D2-816402EF41A7}.Debug|Any CPU.Build.0 = Debug|Any CPU
		{26BEF546-0CEC-4105-93D2-816402EF41A7}.Release|Any CPU.ActiveCfg = Release|Any CPU
		{26BEF546-0CEC-4105-93D2-816402EF41A7}.Release|Any CPU.Build.0 = Release|Any CPU
	EndGlobalSection
	GlobalSection(SolutionProperties) = preSolution
		HideSolutionNode = FALSE
	EndGlobalSection
	GlobalSection(ExtensibilityGlobals) = postSolution
		SolutionGuid = {0C92D948-D23F-4C34-8A30-760B2A3A699F}
	EndGlobalSection
EndGlobal
